
Microsoft Visual Studio Solution File, Format Version 12.00
# Visual Studio Version 17
VisualStudioVersion = 17.0.31903.59
MinimumVisualStudioVersion = 10.0.40219.1
Project("{9A19103F-16F7-4668-BE54-9A1E7A4F7556}") = "Thrading", "Thrading\Thrading.csproj", "{82C8BAA3-DC25-4B08-852C-6C3BB2459FEF}"
EndProject
Project("{2150E333-8FDC-42A3-9474-1A3956D46DE8}") = "Pw", "Pw", "{116D5602-37FF-467C-A681-183A4579097A}"
EndProject
Project("{54A90642-561A-4BB1-A94E-469ADEE60C69}") = "reactapp", "Pw\reactapp\reactapp.esproj", "{FF56A543-7BEA-4B35-94FA-D84A752EF4DF}"
EndProject
Project("{9A19103F-16F7-4668-BE54-9A1E7A4F7556}") = "webapi", "Pw\webapi\webapi.csproj", "{F62D72C5-99E5-4D50-80E5-0294D7886F8D}"
EndProject
Global
	GlobalSection(SolutionConfigurationPlatforms) = preSolution
		Debug|Any CPU = Debug|Any CPU
		Release|Any CPU = Release|Any CPU
	EndGlobalSection
	GlobalSection(ProjectConfigurationPlatforms) = postSolution
		{82C8BAA3-DC25-4B08-852C-6C3BB2459FEF}.Debug|Any CPU.ActiveCfg = Debug|Any CPU
		{82C8BAA3-DC25-4B08-852C-6C3BB2459FEF}.Debug|Any CPU.Build.0 = Debug|Any CPU
		{82C8BAA3-DC25-4B08-852C-6C3BB2459FEF}.Release|Any CPU.ActiveCfg = Release|Any CPU
		{82C8BAA3-DC25-4B08-852C-6C3BB2459FEF}.Release|Any CPU.Build.0 = Release|Any CPU
		{FF56A543-7BEA-4B35-94FA-D84A752EF4DF}.Debug|Any CPU.ActiveCfg = Debug|Any CPU
		{FF56A543-7BEA-4B35-94FA-D84A752EF4DF}.Debug|Any CPU.Build.0 = Debug|Any CPU
		{FF56A543-7BEA-4B35-94FA-D84A752EF4DF}.Debug|Any CPU.Deploy.0 = Debug|Any CPU
		{FF56A543-7BEA-4B35-94FA-D84A752EF4DF}.Release|Any CPU.ActiveCfg = Release|Any CPU
		{FF56A543-7BEA-4B35-94FA-D84A752EF4DF}.Release|Any CPU.Build.0 = Release|Any CPU
		{FF56A543-7BEA-4B35-94FA-D84A752EF4DF}.Release|Any CPU.Deploy.0 = Release|Any CPU
		{F62D72C5-99E5-4D50-80E5-0294D7886F8D}.Debug|Any CPU.ActiveCfg = Debug|Any CPU
		{F62D72C5-99E5-4D50-80E5-0294D7886F8D}.Debug|Any CPU.Build.0 = Debug|Any CPU
		{F62D72C5-99E5-4D50-80E5-0294D7886F8D}.Release|Any CPU.ActiveCfg = Release|Any CPU
		{F62D72C5-99E5-4D50-80E5-0294D7886F8D}.Release|Any CPU.Build.0 = Release|Any CPU
	EndGlobalSection
	GlobalSection(SolutionProperties) = preSolution
		HideSolutionNode = FALSE
	EndGlobalSection
	GlobalSection(NestedProjects) = preSolution
		{FF56A543-7BEA-4B35-94FA-D84A752EF4DF} = {116D5602-37FF-467C-A681-183A4579097A}
		{F62D72C5-99E5-4D50-80E5-0294D7886F8D} = {116D5602-37FF-467C-A681-183A4579097A}
	EndGlobalSection
	GlobalSection(ExtensibilityGlobals) = postSolution
		SolutionGuid = {8B1E3D97-E297-4C66-935A-9EF5CA2B4A13}
	EndGlobalSection
EndGlobal
